// !$*UTF8*$!
{
	archiveVersion = 1;
	classes = {
	};
	objectVersion = 56;
	objects = {

/* Begin PBXBuildFile section */
		14E54FDE2ABDC43D009680D2 /* SwiftConcurrencyApp.swift in Sources */ = {isa = PBXBuildFile; fileRef = 14E54FDD2ABDC43D009680D2 /* SwiftConcurrencyApp.swift */; };
		14E54FE02ABDC43D009680D2 /* ContentView.swift in Sources */ = {isa = PBXBuildFile; fileRef = 14E54FDF2ABDC43D009680D2 /* ContentView.swift */; };
		14E54FE22ABDC43E009680D2 /* Assets.xcassets in Resources */ = {isa = PBXBuildFile; fileRef = 14E54FE12ABDC43E009680D2 /* Assets.xcassets */; };
		14E54FE52ABDC43E009680D2 /* Preview Assets.xcassets in Resources */ = {isa = PBXBuildFile; fileRef = 14E54FE42ABDC43E009680D2 /* Preview Assets.xcassets */; };
		14E54FEC2ABDC6B0009680D2 /* TaskGroupView.swift in Sources */ = {isa = PBXBuildFile; fileRef = 14E54FEB2ABDC6B0009680D2 /* TaskGroupView.swift */; };
		14E54FEE2AC10577009680D2 /* ContinuationView.swift in Sources */ = {isa = PBXBuildFile; fileRef = 14E54FED2AC10577009680D2 /* ContinuationView.swift */; };
		14E54FF02AC1B717009680D2 /* ActorsView.swift in Sources */ = {isa = PBXBuildFile; fileRef = 14E54FEF2AC1B717009680D2 /* ActorsView.swift */; };
		14E54FF22AC30547009680D2 /* GlobalActorView.swift in Sources */ = {isa = PBXBuildFile; fileRef = 14E54FF12AC30547009680D2 /* GlobalActorView.swift */; };
		14E54FF42AC30FCD009680D2 /* DoTryCatchThrowsView.swift in Sources */ = {isa = PBXBuildFile; fileRef = 14E54FF32AC30FCD009680D2 /* DoTryCatchThrowsView.swift */; };
		14E54FF82AC45FD0009680D2 /* SendableView.swift in Sources */ = {isa = PBXBuildFile; fileRef = 14E54FF72AC45FD0009680D2 /* SendableView.swift */; };
		14E54FFA2AC4680B009680D2 /* AsyncPublisherView.swift in Sources */ = {isa = PBXBuildFile; fileRef = 14E54FF92AC4680B009680D2 /* AsyncPublisherView.swift */; };
		14E5500C2AC7065D009680D2 /* ReferencesView.swift in Sources */ = {isa = PBXBuildFile; fileRef = 14E5500B2AC7065D009680D2 /* ReferencesView.swift */; };
/* End PBXBuildFile section */

/* Begin PBXFileReference section */
		14E54FDA2ABDC43D009680D2 /* SwiftConcurrency.app */ = {isa = PBXFileReference; explicitFileType = wrapper.application; includeInIndex = 0; path = SwiftConcurrency.app; sourceTree = BUILT_PRODUCTS_DIR; };
		14E54FDD2ABDC43D009680D2 /* SwiftConcurrencyApp.swift */ = {isa = PBXFileReference; lastKnownFileType = sourcecode.swift; path = SwiftConcurrencyApp.swift; sourceTree = "<group>"; };
		14E54FDF2ABDC43D009680D2 /* ContentView.swift */ = {isa = PBXFileReference; lastKnownFileType = sourcecode.swift; path = ContentView.swift; sourceTree = "<group>"; };
		14E54FE12ABDC43E009680D2 /* Assets.xcassets */ = {isa = PBXFileReference; lastKnownFileType = folder.assetcatalog; path = Assets.xcassets; sourceTree = "<group>"; };
		14E54FE42ABDC43E009680D2 /* Preview Assets.xcassets */ = {isa = PBXFileReference; lastKnownFileType = folder.assetcatalog; path = "Preview Assets.xcassets"; sourceTree = "<group>"; };
		14E54FEB2ABDC6B0009680D2 /* TaskGroupView.swift */ = {isa = PBXFileReference; lastKnownFileType = sourcecode.swift; path = TaskGroupView.swift; sourceTree = "<group>"; };
		14E54FED2AC10577009680D2 /* ContinuationView.swift */ = {isa = PBXFileReference; lastKnownFileType = sourcecode.swift; path = ContinuationView.swift; sourceTree = "<group>"; };
		14E54FEF2AC1B717009680D2 /* ActorsView.swift */ = {isa = PBXFileReference; lastKnownFileType = sourcecode.swift; path = ActorsView.swift; sourceTree = "<group>"; };
		14E54FF12AC30547009680D2 /* GlobalActorView.swift */ = {isa = PBXFileReference; lastKnownFileType = sourcecode.swift; path = GlobalActorView.swift; sourceTree = "<group>"; };
		14E54FF32AC30FCD009680D2 /* DoTryCatchThrowsView.swift */ = {isa = PBXFileReference; lastKnownFileType = sourcecode.swift; path = DoTryCatchThrowsView.swift; sourceTree = "<group>"; };
		14E54FF72AC45FD0009680D2 /* SendableView.swift */ = {isa = PBXFileReference; lastKnownFileType = sourcecode.swift; path = SendableView.swift; sourceTree = "<group>"; };
		14E54FF92AC4680B009680D2 /* AsyncPublisherView.swift */ = {isa = PBXFileReference; lastKnownFileType = sourcecode.swift; path = AsyncPublisherView.swift; sourceTree = "<group>"; };
		14E5500B2AC7065D009680D2 /* ReferencesView.swift */ = {isa = PBXFileReference; lastKnownFileType = sourcecode.swift; path = ReferencesView.swift; sourceTree = "<group>"; };
/* End PBXFileReference section */

/* Begin PBXFrameworksBuildPhase section */
		14E54FD72ABDC43D009680D2 /* Frameworks */ = {
			isa = PBXFrameworksBuildPhase;
			buildActionMask = 2147483647;
			files = (
			);
			runOnlyForDeploymentPostprocessing = 0;
		};
/* End PBXFrameworksBuildPhase section */

/* Begin PBXGroup section */
		14E54FD12ABDC43D009680D2 = {
			isa = PBXGroup;
			children = (
				14E54FDC2ABDC43D009680D2 /* SwiftConcurrency */,
				14E54FDB2ABDC43D009680D2 /* Products */,
			);
			sourceTree = "<group>";
		};
		14E54FDB2ABDC43D009680D2 /* Products */ = {
			isa = PBXGroup;
			children = (
				14E54FDA2ABDC43D009680D2 /* SwiftConcurrency.app */,
			);
			name = Products;
			sourceTree = "<group>";
		};
		14E54FDC2ABDC43D009680D2 /* SwiftConcurrency */ = {
			isa = PBXGroup;
			children = (
				14E54FDD2ABDC43D009680D2 /* SwiftConcurrencyApp.swift */,
				14E54FDF2ABDC43D009680D2 /* ContentView.swift */,
				14E54FF32AC30FCD009680D2 /* DoTryCatchThrowsView.swift */,
				14E54FEB2ABDC6B0009680D2 /* TaskGroupView.swift */,
				14E54FED2AC10577009680D2 /* ContinuationView.swift */,
				14E54FEF2AC1B717009680D2 /* ActorsView.swift */,
				14E54FF12AC30547009680D2 /* GlobalActorView.swift */,
				14E54FF72AC45FD0009680D2 /* SendableView.swift */,
				14E54FF92AC4680B009680D2 /* AsyncPublisherView.swift */,
				14E5500B2AC7065D009680D2 /* ReferencesView.swift */,
				14E54FE12ABDC43E009680D2 /* Assets.xcassets */,
				14E54FE32ABDC43E009680D2 /* Preview Content */,
			);
			path = SwiftConcurrency;
			sourceTree = "<group>";
		};
		14E54FE32ABDC43E009680D2 /* Preview Content */ = {
			isa = PBXGroup;
			children = (
				14E54FE42ABDC43E009680D2 /* Preview Assets.xcassets */,
			);
			path = "Preview Content";
			sourceTree = "<group>";
		};
/* End PBXGroup section */

/* Begin PBXNativeTarget section */
		14E54FD92ABDC43D009680D2 /* SwiftConcurrency */ = {
			isa = PBXNativeTarget;
			buildConfigurationList = 14E54FE82ABDC43E009680D2 /* Build configuration list for PBXNativeTarget "SwiftConcurrency" */;
			buildPhases = (
				14E54FD62ABDC43D009680D2 /* Sources */,
				14E54FD72ABDC43D009680D2 /* Frameworks */,
				14E54FD82ABDC43D009680D2 /* Resources */,
			);
			buildRules = (
			);
			dependencies = (
			);
			name = SwiftConcurrency;
			productName = SwiftConcurrency;
			productReference = 14E54FDA2ABDC43D009680D2 /* SwiftConcurrency.app */;
			productType = "com.apple.product-type.application";
		};
/* End PBXNativeTarget section */

/* Begin PBXProject section */
		14E54FD22ABDC43D009680D2 /* Project object */ = {
			isa = PBXProject;
			attributes = {
				BuildIndependentTargetsInParallel = 1;
				LastSwiftUpdateCheck = 1430;
				LastUpgradeCheck = 1430;
				TargetAttributes = {
					14E54FD92ABDC43D009680D2 = {
						CreatedOnToolsVersion = 14.3.1;
					};
				};
			};
			buildConfigurationList = 14E54FD52ABDC43D009680D2 /* Build configuration list for PBXProject "SwiftConcurrency" */;
			compatibilityVersion = "Xcode 14.0";
			developmentRegion = en;
			hasScannedForEncodings = 0;
			knownRegions = (
				en,
				Base,
			);
			mainGroup = 14E54FD12ABDC43D009680D2;
			productRefGroup = 14E54FDB2ABDC43D009680D2 /* Products */;
			projectDirPath = "";
			projectRoot = "";
			targets = (
				14E54FD92ABDC43D009680D2 /* SwiftConcurrency */,
			);
		};
/* End PBXProject section */

/* Begin PBXResourcesBuildPhase section */
		14E54FD82ABDC43D009680D2 /* Resources */ = {
			isa = PBXResourcesBuildPhase;
			buildActionMask = 2147483647;
			files = (
				14E54FE52ABDC43E009680D2 /* Preview Assets.xcassets in Resources */,
				14E54FE22ABDC43E009680D2 /* Assets.xcassets in Resources */,
			);
			runOnlyForDeploymentPostprocessing = 0;
		};
/* End PBXResourcesBuildPhase section */

/* Begin PBXSourcesBuildPhase section */
		14E54FD62ABDC43D009680D2 /* Sources */ = {
			isa = PBXSourcesBuildPhase;
			buildActionMask = 2147483647;
			files = (
				14E54FE02ABDC43D009680D2 /* ContentView.swift in Sources */,
				14E54FEC2ABDC6B0009680D2 /* TaskGroupView.swift in Sources */,
				14E54FFA2AC4680B009680D2 /* AsyncPublisherView.swift in Sources */,
				14E54FF02AC1B717009680D2 /* ActorsView.swift in Sources */,
				14E54FDE2ABDC43D009680D2 /* SwiftConcurrencyApp.swift in Sources */,
				14E54FF42AC30FCD009680D2 /* DoTryCatchThrowsView.swift in Sources */,
				14E54FEE2AC10577009680D2 /* ContinuationView.swift in Sources */,
				14E5500C2AC7065D009680D2 /* ReferencesView.swift in Sources */,
				14E54FF82AC45FD0009680D2 /* SendableView.swift in Sources */,
				14E54FF22AC30547009680D2 /* GlobalActorView.swift in Sources */,
			);
			runOnlyForDeploymentPostprocessing = 0;
		};
/* End PBXSourcesBuildPhase section */

/* Begin XCBuildConfiguration section */
		14E54FE62ABDC43E009680D2 /* Debug */ = {
			isa = XCBuildConfiguration;
			buildSettings = {
				ALWAYS_SEARCH_USER_PATHS = NO;
				CLANG_ANALYZER_NONNULL = YES;
				CLANG_ANALYZER_NUMBER_OBJECT_CONVERSION = YES_AGGRESSIVE;
				CLANG_CXX_LANGUAGE_STANDARD = "gnu++20";
				CLANG_ENABLE_MODULES = YES;
				CLANG_ENABLE_OBJC_ARC = YES;
				CLANG_ENABLE_OBJC_WEAK = YES;
				CLANG_WARN_BLOCK_CAPTURE_AUTORELEASING = YES;
				CLANG_WARN_BOOL_CONVERSION = YES;
				CLANG_WARN_COMMA = YES;
				CLANG_WARN_CONSTANT_CONVERSION = YES;
				CLANG_WARN_DEPRECATED_OBJC_IMPLEMENTATIONS = YES;
				CLANG_WARN_DIRECT_OBJC_ISA_USAGE = YES_ERROR;
				CLANG_WARN_DOCUMENTATION_COMMENTS = YES;
				CLANG_WARN_EMPTY_BODY = YES;
				CLANG_WARN_ENUM_CONVERSION = YES;
				CLANG_WARN_INFINITE_RECURSION = YES;
				CLANG_WARN_INT_CONVERSION = YES;
				CLANG_WARN_NON_LITERAL_NULL_CONVERSION = YES;
				CLANG_WARN_OBJC_IMPLICIT_RETAIN_SELF = YES;
				CLANG_WARN_OBJC_LITERAL_CONVERSION = YES;
				CLANG_WARN_OBJC_ROOT_CLASS = YES_ERROR;
				CLANG_WARN_QUOTED_INCLUDE_IN_FRAMEWORK_HEADER = YES;
				CLANG_WARN_RANGE_LOOP_ANALYSIS = YES;
				CLANG_WARN_STRICT_PROTOTYPES = YES;
				CLANG_WARN_SUSPICIOUS_MOVE = YES;
				CLANG_WARN_UNGUARDED_AVAILABILITY = YES_AGGRESSIVE;
				CLANG_WARN_UNREACHABLE_CODE = YES;
				CLANG_WARN__DUPLICATE_METHOD_MATCH = YES;
				COPY_PHASE_STRIP = NO;
				DEBUG_INFORMATION_FORMAT = dwarf;
				ENABLE_STRICT_OBJC_MSGSEND = YES;
				ENABLE_TESTABILITY = YES;
				GCC_C_LANGUAGE_STANDARD = gnu11;
				GCC_DYNAMIC_NO_PIC = NO;
				GCC_NO_COMMON_BLOCKS = YES;
				GCC_OPTIMIZATION_LEVEL = 0;
				GCC_PREPROCESSOR_DEFINITIONS = (
					"DEBUG=1",
					"$(inherited)",
				);
				GCC_WARN_64_TO_32_BIT_CONVERSION = YES;
				GCC_WARN_ABOUT_RETURN_TYPE = YES_ERROR;
				GCC_WARN_UNDECLARED_SELECTOR = YES;
				GCC_WARN_UNINITIALIZED_AUTOS = YES_AGGRESSIVE;
				GCC_WARN_UNUSED_FUNCTION = YES;
				GCC_WARN_UNUSED_VARIABLE = YES;
				IPHONEOS_DEPLOYMENT_TARGET = 16.4;
				MTL_ENABLE_DEBUG_INFO = INCLUDE_SOURCE;
				MTL_FAST_MATH = YES;
				ONLY_ACTIVE_ARCH = YES;
				SDKROOT = iphoneos;
				SWIFT_ACTIVE_COMPILATION_CONDITIONS = DEBUG;
				SWIFT_OPTIMIZATION_LEVEL = "-Onone";
			};
			name = Debug;
		};
		14E54FE72ABDC43E009680D2 /* Release */ = {
			isa = XCBuildConfiguration;
			buildSettings = {
				ALWAYS_SEARCH_USER_PATHS = NO;
				CLANG_ANALYZER_NONNULL = YES;
				CLANG_ANALYZER_NUMBER_OBJECT_CONVERSION = YES_AGGRESSIVE;
				CLANG_CXX_LANGUAGE_STANDARD = "gnu++20";
				CLANG_ENABLE_MODULES = YES;
				CLANG_ENABLE_OBJC_ARC = YES;
				CLANG_ENABLE_OBJC_WEAK = YES;
				CLANG_WARN_BLOCK_CAPTURE_AUTORELEASING = YES;
				CLANG_WARN_BOOL_CONVERSION = YES;
				CLANG_WARN_COMMA = YES;
				CLANG_WARN_CONSTANT_CONVERSION = YES;
				CLANG_WARN_DEPRECATED_OBJC_IMPLEMENTATIONS = YES;
				CLANG_WARN_DIRECT_OBJC_ISA_USAGE = YES_ERROR;
				CLANG_WARN_DOCUMENTATION_COMMENTS = YES;
				CLANG_WARN_EMPTY_BODY = YES;
				CLANG_WARN_ENUM_CONVERSION = YES;
				CLANG_WARN_INFINITE_RECURSION = YES;
				CLANG_WARN_INT_CONVERSION = YES;
				CLANG_WARN_NON_LITERAL_NULL_CONVERSION = YES;
				CLANG_WARN_OBJC_IMPLICIT_RETAIN_SELF = YES;
				CLANG_WARN_OBJC_LITERAL_CONVERSION = YES;
				CLANG_WARN_OBJC_ROOT_CLASS = YES_ERROR;
				CLANG_WARN_QUOTED_INCLUDE_IN_FRAMEWORK_HEADER = YES;
				CLANG_WARN_RANGE_LOOP_ANALYSIS = YES;
				CLANG_WARN_STRICT_PROTOTYPES = YES;
				CLANG_WARN_SUSPICIOUS_MOVE = YES;
				CLANG_WARN_UNGUARDED_AVAILABILITY = YES_AGGRESSIVE;
				CLANG_WARN_UNREACHABLE_CODE = YES;
				CLANG_WARN__DUPLICATE_METHOD_MATCH = YES;
				COPY_PHASE_STRIP = NO;
				DEBUG_INFORMATION_FORMAT = "dwarf-with-dsym";
				ENABLE_NS_ASSERTIONS = NO;
				ENABLE_STRICT_OBJC_MSGSEND = YES;
				GCC_C_LANGUAGE_STANDARD = gnu11;
				GCC_NO_COMMON_BLOCKS = YES;
				GCC_WARN_64_TO_32_BIT_CONVERSION = YES;
				GCC_WARN_ABOUT_RETURN_TYPE = YES_ERROR;
				GCC_WARN_UNDECLARED_SELECTOR = YES;
				GCC_WARN_UNINITIALIZED_AUTOS = YES_AGGRESSIVE;
				GCC_WARN_UNUSED_FUNCTION = YES;
				GCC_WARN_UNUSED_VARIABLE = YES;
				IPHONEOS_DEPLOYMENT_TARGET = 16.4;
				MTL_ENABLE_DEBUG_INFO = NO;
				MTL_FAST_MATH = YES;
				SDKROOT = iphoneos;
				SWIFT_COMPILATION_MODE = wholemodule;
				SWIFT_OPTIMIZATION_LEVEL = "-O";
				VALIDATE_PRODUCT = YES;
			};
			name = Release;
		};
		14E54FE92ABDC43E009680D2 /* Debug */ = {
			isa = XCBuildConfiguration;
			buildSettings = {
				ASSETCATALOG_COMPILER_APPICON_NAME = AppIcon;
				ASSETCATALOG_COMPILER_GLOBAL_ACCENT_COLOR_NAME = AccentColor;
				CODE_SIGN_STYLE = Automatic;
				CURRENT_PROJECT_VERSION = 1;
				DEVELOPMENT_ASSET_PATHS = "\"SwiftConcurrency/Preview Content\"";
				DEVELOPMENT_TEAM = HB6M77SRWM;
				ENABLE_PREVIEWS = YES;
				GENERATE_INFOPLIST_FILE = YES;
				INFOPLIST_KEY_UIApplicationSceneManifest_Generation = YES;
				INFOPLIST_KEY_UIApplicationSupportsIndirectInputEvents = YES;
				INFOPLIST_KEY_UILaunchScreen_Generation = YES;
				INFOPLIST_KEY_UISupportedInterfaceOrientations_iPad = "UIInterfaceOrientationPortrait UIInterfaceOrientationPortraitUpsideDown UIInterfaceOrientationLandscapeLeft UIInterfaceOrientationLandscapeRight";
				INFOPLIST_KEY_UISupportedInterfaceOrientations_iPhone = "UIInterfaceOrientationPortrait UIInterfaceOrientationLandscapeLeft UIInterfaceOrientationLandscapeRight";
				LD_RUNPATH_SEARCH_PATHS = (
					"$(inherited)",
					"@executable_path/Frameworks",
				);
				MARKETING_VERSION = 1.0;
				PRODUCT_BUNDLE_IDENTIFIER = com.andrewgilliland.SwiftConcurrency;
				PRODUCT_NAME = "$(TARGET_NAME)";
				SWIFT_EMIT_LOC_STRINGS = YES;
				SWIFT_VERSION = 5.0;
				TARGETED_DEVICE_FAMILY = "1,2";
			};
			name = Debug;
		};
		14E54FEA2ABDC43E009680D2 /* Release */ = {
			isa = XCBuildConfiguration;
			buildSettings = {
				ASSETCATALOG_COMPILER_APPICON_NAME = AppIcon;
				ASSETCATALOG_COMPILER_GLOBAL_ACCENT_COLOR_NAME = AccentColor;
				CODE_SIGN_STYLE = Automatic;
				CURRENT_PROJECT_VERSION = 1;
				DEVELOPMENT_ASSET_PATHS = "\"SwiftConcurrency/Preview Content\"";
				DEVELOPMENT_TEAM = HB6M77SRWM;
				ENABLE_PREVIEWS = YES;
				GENERATE_INFOPLIST_FILE = YES;
				INFOPLIST_KEY_UIApplicationSceneManifest_Generation = YES;
				INFOPLIST_KEY_UIApplicationSupportsIndirectInputEvents = YES;
				INFOPLIST_KEY_UILaunchScreen_Generation = YES;
				INFOPLIST_KEY_UISupportedInterfaceOrientations_iPad = "UIInterfaceOrientationPortrait UIInterfaceOrientationPortraitUpsideDown UIInterfaceOrientationLandscapeLeft UIInterfaceOrientationLandscapeRight";
				INFOPLIST_KEY_UISupportedInterfaceOrientations_iPhone = "UIInterfaceOrientationPortrait UIInterfaceOrientationLandscapeLeft UIInterfaceOrientationLandscapeRight";
				LD_RUNPATH_SEARCH_PATHS = (
					"$(inherited)",
					"@executable_path/Frameworks",
				);
				MARKETING_VERSION = 1.0;
				PRODUCT_BUNDLE_IDENTIFIER = com.andrewgilliland.SwiftConcurrency;
				PRODUCT_NAME = "$(TARGET_NAME)";
				SWIFT_EMIT_LOC_STRINGS = YES;
				SWIFT_VERSION = 5.0;
				TARGETED_DEVICE_FAMILY = "1,2";
			};
			name = Release;
		};
/* End XCBuildConfiguration section */

/* Begin XCConfigurationList section */
		14E54FD52ABDC43D009680D2 /* Build configuration list for PBXProject "SwiftConcurrency" */ = {
			isa = XCConfigurationList;
			buildConfigurations = (
				14E54FE62ABDC43E009680D2 /* Debug */,
				14E54FE72ABDC43E009680D2 /* Release */,
			);
			defaultConfigurationIsVisible = 0;
			defaultConfigurationName = Release;
		};
		14E54FE82ABDC43E009680D2 /* Build configuration list for PBXNativeTarget "SwiftConcurrency" */ = {
			isa = XCConfigurationList;
			buildConfigurations = (
				14E54FE92ABDC43E009680D2 /* Debug */,
				14E54FEA2ABDC43E009680D2 /* Release */,
			);
			defaultConfigurationIsVisible = 0;
			defaultConfigurationName = Release;
		};
/* End XCConfigurationList section */
	};
	rootObject = 14E54FD22ABDC43D009680D2 /* Project object */;
}
